// !$*UTF8*$!
{
	archiveVersion = 1;
	classes = {
	};
	objectVersion = 50;
	objects = {

/* Begin PBXBuildFile section */
		644EF54E24F0B2B600DE644B /* AppDelegate.m in Sources */ = {isa = PBXBuildFile; fileRef = 644EF54D24F0B2B600DE644B /* AppDelegate.m */; };
		644EF55124F0B2B600DE644B /* SceneDelegate.m in Sources */ = {isa = PBXBuildFile; fileRef = 644EF55024F0B2B600DE644B /* SceneDelegate.m */; };
		644EF55424F0B2B600DE644B /* ViewController.m in Sources */ = {isa = PBXBuildFile; fileRef = 644EF55324F0B2B600DE644B /* ViewController.m */; };
		644EF55724F0B2B600DE644B /* Main.storyboard in Resources */ = {isa = PBXBuildFile; fileRef = 644EF55524F0B2B600DE644B /* Main.storyboard */; };
		644EF55924F0B2B700DE644B /* Assets.xcassets in Resources */ = {isa = PBXBuildFile; fileRef = 644EF55824F0B2B700DE644B /* Assets.xcassets */; };
		644EF55C24F0B2B700DE644B /* LaunchScreen.storyboard in Resources */ = {isa = PBXBuildFile; fileRef = 644EF55A24F0B2B700DE644B /* LaunchScreen.storyboard */; };
		644EF55F24F0B2B700DE644B /* main.m in Sources */ = {isa = PBXBuildFile; fileRef = 644EF55E24F0B2B700DE644B /* main.m */; };
/* End PBXBuildFile section */

/* Begin PBXFileReference section */
		644EF54924F0B2B600DE644B /* Demo_UISlider.app */ = {isa = PBXFileReference; explicitFileType = wrapper.application; includeInIndex = 0; path = Demo_UISlider.app; sourceTree = BUILT_PRODUCTS_DIR; };
		644EF54C24F0B2B600DE644B /* AppDelegate.h */ = {isa = PBXFileReference; lastKnownFileType = sourcecode.c.h; path = AppDelegate.h; sourceTree = "<group>"; };
		644EF54D24F0B2B600DE644B /* AppDelegate.m */ = {isa = PBXFileReference; lastKnownFileType = sourcecode.c.objc; path = AppDelegate.m; sourceTree = "<group>"; };
		644EF54F24F0B2B600DE644B /* SceneDelegate.h */ = {isa = PBXFileReference; lastKnownFileType = sourcecode.c.h; path = SceneDelegate.h; sourceTree = "<group>"; };
		644EF55024F0B2B600DE644B /* SceneDelegate.m */ = {isa = PBXFileReference; lastKnownFileType = sourcecode.c.objc; path = SceneDelegate.m; sourceTree = "<group>"; };
		644EF55224F0B2B600DE644B /* ViewController.h */ = {isa = PBXFileReference; lastKnownFileType = sourcecode.c.h; path = ViewController.h; sourceTree = "<group>"; };
		644EF55324F0B2B600DE644B /* ViewController.m */ = {isa = PBXFileReference; lastKnownFileType = sourcecode.c.objc; path = ViewController.m; sourceTree = "<group>"; };
		644EF55624F0B2B600DE644B /* Base */ = {isa = PBXFileReference; lastKnownFileType = file.storyboard; name = Base; path = Base.lproj/Main.storyboard; sourceTree = "<group>"; };
		644EF55824F0B2B700DE644B /* Assets.xcassets */ = {isa = PBXFileReference; lastKnownFileType = folder.assetcatalog; path = Assets.xcassets; sourceTree = "<group>"; };
		644EF55B24F0B2B700DE644B /* Base */ = {isa = PBXFileReference; lastKnownFileType = file.storyboard; name = Base; path = Base.lproj/LaunchScreen.storyboard; sourceTree = "<group>"; };
		644EF55D24F0B2B700DE644B /* Info.plist */ = {isa = PBXFileReference; lastKnownFileType = text.plist.xml; path = Info.plist; sourceTree = "<group>"; };
		644EF55E24F0B2B700DE644B /* main.m */ = {isa = PBXFileReference; lastKnownFileType = sourcecode.c.objc; path = main.m; sourceTree = "<group>"; };
/* End PBXFileReference section */

/* Begin PBXFrameworksBuildPhase section */
		644EF54624F0B2B600DE644B /* Frameworks */ = {
			isa = PBXFrameworksBuildPhase;
			buildActionMask = 2147483647;
			files = (
			);
			runOnlyForDeploymentPostprocessing = 0;
		};
/* End PBXFrameworksBuildPhase section */

/* Begin PBXGroup section */
		644EF54024F0B2B600DE644B = {
			isa = PBXGroup;
			children = (
				644EF54B24F0B2B600DE644B /* Demo_UISlider */,
				644EF54A24F0B2B600DE644B /* Products */,
			);
			sourceTree = "<group>";
		};
		644EF54A24F0B2B600DE644B /* Products */ = {
			isa = PBXGroup;
			children = (
				644EF54924F0B2B600DE644B /* Demo_UISlider.app */,
			);
			name = Products;
			sourceTree = "<group>";
		};
		644EF54B24F0B2B600DE644B /* Demo_UISlider */ = {
			isa = PBXGroup;
			children = (
				644EF54C24F0B2B600DE644B /* AppDelegate.h */,
				644EF54D24F0B2B600DE644B /* AppDelegate.m */,
				644EF54F24F0B2B600DE644B /* SceneDelegate.h */,
				644EF55024F0B2B600DE644B /* SceneDelegate.m */,
				644EF55224F0B2B600DE644B /* ViewController.h */,
				644EF55324F0B2B600DE644B /* ViewController.m */,
				644EF55524F0B2B600DE644B /* Main.storyboard */,
				644EF55824F0B2B700DE644B /* Assets.xcassets */,
				644EF55A24F0B2B700DE644B /* LaunchScreen.storyboard */,
				644EF55D24F0B2B700DE644B /* Info.plist */,
				644EF55E24F0B2B700DE644B /* main.m */,
			);
			path = Demo_UISlider;
			sourceTree = "<group>";
		};
/* End PBXGroup section */

/* Begin PBXNativeTarget section */
		644EF54824F0B2B600DE644B /* Demo_UISlider */ = {
			isa = PBXNativeTarget;
			buildConfigurationList = 644EF56224F0B2B700DE644B /* Build configuration list for PBXNativeTarget "Demo_UISlider" */;
			buildPhases = (
				644EF54524F0B2B600DE644B /* Sources */,
				644EF54624F0B2B600DE644B /* Frameworks */,
				644EF54724F0B2B600DE644B /* Resources */,
			);
			buildRules = (
			);
			dependencies = (
			);
			name = Demo_UISlider;
			productName = Demo_UISlider;
			productReference = 644EF54924F0B2B600DE644B /* Demo_UISlider.app */;
			productType = "com.apple.product-type.application";
		};
/* End PBXNativeTarget section */

/* Begin PBXProject section */
		644EF54124F0B2B600DE644B /* Project object */ = {
			isa = PBXProject;
			attributes = {
				LastUpgradeCheck = 1160;
				ORGANIZATIONNAME = "胡正清";
				TargetAttributes = {
					644EF54824F0B2B600DE644B = {
						CreatedOnToolsVersion = 11.6;
					};
				};
			};
			buildConfigurationList = 644EF54424F0B2B600DE644B /* Build configuration list for PBXProject "Demo_UISlider" */;
			compatibilityVersion = "Xcode 9.3";
			developmentRegion = en;
			hasScannedForEncodings = 0;
			knownRegions = (
				en,
				Base,
			);
			mainGroup = 644EF54024F0B2B600DE644B;
			productRefGroup = 644EF54A24F0B2B600DE644B /* Products */;
			projectDirPath = "";
			projectRoot = "";
			targets = (
				644EF54824F0B2B600DE644B /* Demo_UISlider */,
			);
		};
/* End PBXProject section */

/* Begin PBXResourcesBuildPhase section */
		644EF54724F0B2B600DE644B /* Resources */ = {
			isa = PBXResourcesBuildPhase;
			buildActionMask = 2147483647;
			files = (
				644EF55C24F0B2B700DE644B /* LaunchScreen.storyboard in Resources */,
				644EF55924F0B2B700DE644B /* Assets.xcassets in Resources */,
				644EF55724F0B2B600DE644B /* Main.storyboard in Resources */,
			);
			runOnlyForDeploymentPostprocessing = 0;
		};
/* End PBXResourcesBuildPhase section */

/* Begin PBXSourcesBuildPhase section */
		644EF54524F0B2B600DE644B /* Sources */ = {
			isa = PBXSourcesBuildPhase;
			buildActionMask = 2147483647;
			files = (
				644EF55424F0B2B600DE644B /* ViewController.m in Sources */,
				644EF54E24F0B2B600DE644B /* AppDelegate.m in Sources */,
				644EF55F24F0B2B700DE644B /* main.m in Sources */,
				644EF55124F0B2B600DE644B /* SceneDelegate.m in Sources */,
			);
			runOnlyForDeploymentPostprocessing = 0;
		};
/* End PBXSourcesBuildPhase section */

/* Begin PBXVariantGroup section */
		644EF55524F0B2B600DE644B /* Main.storyboard */ = {
			isa = PBXVariantGroup;
			children = (
				644EF55624F0B2B600DE644B /* Base */,
			);
			name = Main.storyboard;
			sourceTree = "<group>";
		};
		644EF55A24F0B2B700DE644B /* LaunchScreen.storyboard */ = {
			isa = PBXVariantGroup;
			children = (
				644EF55B24F0B2B700DE644B /* Base */,
			);
			name = LaunchScreen.storyboard;
			sourceTree = "<group>";
		};
/* End PBXVariantGroup section */

/* Begin XCBuildConfiguration section */
		644EF56024F0B2B700DE644B /* Debug */ = {
			isa = XCBuildConfiguration;
			buildSettings = {
				ALWAYS_SEARCH_USER_PATHS = NO;
				CLANG_ANALYZER_NONNULL = YES;
				CLANG_ANALYZER_NUMBER_OBJECT_CONVERSION = YES_AGGRESSIVE;
				CLANG_CXX_LANGUAGE_STANDARD = "gnu++14";
				CLANG_CXX_LIBRARY = "libc++";
				CLANG_ENABLE_MODULES = YES;
				CLANG_ENABLE_OBJC_ARC = YES;
				CLANG_ENABLE_OBJC_WEAK = YES;
				CLANG_WARN_BLOCK_CAPTURE_AUTORELEASING = YES;
				CLANG_WARN_BOOL_CONVERSION = YES;
				CLANG_WARN_COMMA = YES;
				CLANG_WARN_CONSTANT_CONVERSION = YES;
				CLANG_WARN_DEPRECATED_OBJC_IMPLEMENTATIONS = YES;
				CLANG_WARN_DIRECT_OBJC_ISA_USAGE = YES_ERROR;
				CLANG_WARN_DOCUMENTATION_COMMENTS = YES;
				CLANG_WARN_EMPTY_BODY = YES;
				CLANG_WARN_ENUM_CONVERSION = YES;
				CLANG_WARN_INFINITE_RECURSION = YES;
				CLANG_WARN_INT_CONVERSION = YES;
				CLANG_WARN_NON_LITERAL_NULL_CONVERSION = YES;
				CLANG_WARN_OBJC_IMPLICIT_RETAIN_SELF = YES;
				CLANG_WARN_OBJC_LITERAL_CONVERSION = YES;
				CLANG_WARN_OBJC_ROOT_CLASS = YES_ERROR;
				CLANG_WARN_RANGE_LOOP_ANALYSIS = YES;
				CLANG_WARN_STRICT_PROTOTYPES = YES;
				CLANG_WARN_SUSPICIOUS_MOVE = YES;
				CLANG_WARN_UNGUARDED_AVAILABILITY = YES_AGGRESSIVE;
				CLANG_WARN_UNREACHABLE_CODE = YES;
				CLANG_WARN__DUPLICATE_METHOD_MATCH = YES;
				COPY_PHASE_STRIP = NO;
				DEBUG_INFORMATION_FORMAT = dwarf;
				ENABLE_STRICT_OBJC_MSGSEND = YES;
				ENABLE_TESTABILITY = YES;
				GCC_C_LANGUAGE_STANDARD = gnu11;
				GCC_DYNAMIC_NO_PIC = NO;
				GCC_NO_COMMON_BLOCKS = YES;
				GCC_OPTIMIZATION_LEVEL = 0;
				GCC_PREPROCESSOR_DEFINITIONS = (
					"DEBUG=1",
					"$(inherited)",
				);
				GCC_WARN_64_TO_32_BIT_CONVERSION = YES;
				GCC_WARN_ABOUT_RETURN_TYPE = YES_ERROR;
				GCC_WARN_UNDECLARED_SELECTOR = YES;
				GCC_WARN_UNINITIALIZED_AUTOS = YES_AGGRESSIVE;
				GCC_WARN_UNUSED_FUNCTION = YES;
				GCC_WARN_UNUSED_VARIABLE = YES;
				IPHONEOS_DEPLOYMENT_TARGET = 13.6;
				MTL_ENABLE_DEBUG_INFO = INCLUDE_SOURCE;
				MTL_FAST_MATH = YES;
				ONLY_ACTIVE_ARCH = YES;
				SDKROOT = iphoneos;
			};
			name = Debug;
		};
		644EF56124F0B2B700DE644B /* Release */ = {
			isa = XCBuildConfiguration;
			buildSettings = {
				ALWAYS_SEARCH_USER_PATHS = NO;
				CLANG_ANALYZER_NONNULL = YES;
				CLANG_ANALYZER_NUMBER_OBJECT_CONVERSION = YES_AGGRESSIVE;
				CLANG_CXX_LANGUAGE_STANDARD = "gnu++14";
				CLANG_CXX_LIBRARY = "libc++";
				CLANG_ENABLE_MODULES = YES;
				CLANG_ENABLE_OBJC_ARC = YES;
				CLANG_ENABLE_OBJC_WEAK = YES;
				CLANG_WARN_BLOCK_CAPTURE_AUTORELEASING = YES;
				CLANG_WARN_BOOL_CONVERSION = YES;
				CLANG_WARN_COMMA = YES;
				CLANG_WARN_CONSTANT_CONVERSION = YES;
				CLANG_WARN_DEPRECATED_OBJC_IMPLEMENTATIONS = YES;
				CLANG_WARN_DIRECT_OBJC_ISA_USAGE = YES_ERROR;
				CLANG_WARN_DOCUMENTATION_COMMENTS = YES;
				CLANG_WARN_EMPTY_BODY = YES;
				CLANG_WARN_ENUM_CONVERSION = YES;
				CLANG_WARN_INFINITE_RECURSION = YES;
				CLANG_WARN_INT_CONVERSION = YES;
				CLANG_WARN_NON_LITERAL_NULL_CONVERSION = YES;
				CLANG_WARN_OBJC_IMPLICIT_RETAIN_SELF = YES;
				CLANG_WARN_OBJC_LITERAL_CONVERSION = YES;
				CLANG_WARN_OBJC_ROOT_CLASS = YES_ERROR;
				CLANG_WARN_RANGE_LOOP_ANALYSIS = YES;
				CLANG_WARN_STRICT_PROTOTYPES = YES;
				CLANG_WARN_SUSPICIOUS_MOVE = YES;
				CLANG_WARN_UNGUARDED_AVAILABILITY = YES_AGGRESSIVE;
				CLANG_WARN_UNREACHABLE_CODE = YES;
				CLANG_WARN__DUPLICATE_METHOD_MATCH = YES;
				COPY_PHASE_STRIP = NO;
				DEBUG_INFORMATION_FORMAT = "dwarf-with-dsym";
				ENABLE_NS_ASSERTIONS = NO;
				ENABLE_STRICT_OBJC_MSGSEND = YES;
				GCC_C_LANGUAGE_STANDARD = gnu11;
				GCC_NO_COMMON_BLOCKS = YES;
				GCC_WARN_64_TO_32_BIT_CONVERSION = YES;
				GCC_WARN_ABOUT_RETURN_TYPE = YES_ERROR;
				GCC_WARN_UNDECLARED_SELECTOR = YES;
				GCC_WARN_UNINITIALIZED_AUTOS = YES_AGGRESSIVE;
				GCC_WARN_UNUSED_FUNCTION = YES;
				GCC_WARN_UNUSED_VARIABLE = YES;
				IPHONEOS_DEPLOYMENT_TARGET = 13.6;
				MTL_ENABLE_DEBUG_INFO = NO;
				MTL_FAST_MATH = YES;
				SDKROOT = iphoneos;
				VALIDATE_PRODUCT = YES;
			};
			name = Release;
		};
		644EF56324F0B2B700DE644B /* Debug */ = {
			isa = XCBuildConfiguration;
			buildSettings = {
				ASSETCATALOG_COMPILER_APPICON_NAME = AppIcon;
				CODE_SIGN_STYLE = Automatic;
				DEVELOPMENT_TEAM = 6BPU5X7U86;
				INFOPLIST_FILE = Demo_UISlider/Info.plist;
				LD_RUNPATH_SEARCH_PATHS = (
					"$(inherited)",
					"@executable_path/Frameworks",
				);
				PRODUCT_BUNDLE_IDENTIFIER = "hzq.Demo-UISlider";
				PRODUCT_NAME = "$(TARGET_NAME)";
				TARGETED_DEVICE_FAMILY = "1,2";
			};
			name = Debug;
		};
		644EF56424F0B2B700DE644B /* Release */ = {
			isa = XCBuildConfiguration;
			buildSettings = {
				ASSETCATALOG_COMPILER_APPICON_NAME = AppIcon;
				CODE_SIGN_STYLE = Automatic;
				DEVELOPMENT_TEAM = 6BPU5X7U86;
				INFOPLIST_FILE = Demo_UISlider/Info.plist;
				LD_RUNPATH_SEARCH_PATHS = (
					"$(inherited)",
					"@executable_path/Frameworks",
				);
				PRODUCT_BUNDLE_IDENTIFIER = "hzq.Demo-UISlider";
				PRODUCT_NAME = "$(TARGET_NAME)";
				TARGETED_DEVICE_FAMILY = "1,2";
			};
			name = Release;
		};
/* End XCBuildConfiguration section */

/* Begin XCConfigurationList section */
		644EF54424F0B2B600DE644B /* Build configuration list for PBXProject "Demo_UISlider" */ = {
			isa = XCConfigurationList;
			buildConfigurations = (
				644EF56024F0B2B700DE644B /* Debug */,
				644EF56124F0B2B700DE644B /* Release */,
			);
			defaultConfigurationIsVisible = 0;
			defaultConfigurationName = Release;
		};
		644EF56224F0B2B700DE644B /* Build configuration list for PBXNativeTarget "Demo_UISlider" */ = {
			isa = XCConfigurationList;
			buildConfigurations = (
				644EF56324F0B2B700DE644B /* Debug */,
				644EF56424F0B2B700DE644B /* Release */,
			);
			defaultConfigurationIsVisible = 0;
			defaultConfigurationName = Release;
		};
/* End XCConfigurationList section */
	};
	rootObject = 644EF54124F0B2B600DE644B /* Project object */;
}
